
Microsoft Visual Studio Solution File, Format Version 11.00
# Visual Studio 2010
# SharpDevelop 4.0.0.6721
Project("{2150E333-8FDC-42A3-9474-1A3956D46DE8}") = "Editor", "Editor", "{1026F6CC-BCBC-4FAE-AEDF-AEE523087320}"
	ProjectSection(SolutionItems) = postProject
	EndProjectSection
EndProject
Project("{FAE04EC0-301F-11D3-BF4B-00C04F79EFBC}") = "Editor", "Editor\Editor\Editor.csproj", "{8C38059E-436D-468D-A131-040EF303CBF1}"
EndProject
Project("{FAE04EC0-301F-11D3-BF4B-00C04F79EFBC}") = "Editor.Tests", "Editor\Editor.Tests\Editor.Tests.csproj", "{E40986A1-BA7E-41D1-87D1-F6C654E86EE9}"
EndProject
Project("{2150E333-8FDC-42A3-9474-1A3956D46DE8}") = "Translator", "Translator", "{17F42716-9D7E-48EF-A28D-B992BB095EF5}"
	ProjectSection(SolutionItems) = postProject
	EndProjectSection
EndProject
Project("{FAE04EC0-301F-11D3-BF4B-00C04F79EFBC}") = "Translator", "Translator\Translator\Translator.csproj", "{28483E02-4EEE-4E3A-BE97-C4D9703143AA}"
EndProject
Project("{FAE04EC0-301F-11D3-BF4B-00C04F79EFBC}") = "Translator.Tests", "Translator\Translator.Tests\Translator.Tests.csproj", "{26117E7C-ECFF-4F12-B759-413B82FDA121}"
EndProject
Project("{2150E333-8FDC-42A3-9474-1A3956D46DE8}") = "PppNet", "PppNet", "{8BBDBFF9-E00C-44D7-A5D5-98081CBEB8D4}"
	ProjectSection(SolutionItems) = postProject
	EndProjectSection
EndProject
Project("{FAE04EC0-301F-11D3-BF4B-00C04F79EFBC}") = "PppNet.Tests", "PppNet\PppNet.Tests\PppNet.Tests.csproj", "{C269346A-177C-465E-98BC-D21FCC205AA1}"
EndProject
Project("{FAE04EC0-301F-11D3-BF4B-00C04F79EFBC}") = "PppNet", "PppNet\PppNet\PppNet.csproj", "{AED06680-760B-4499-A078-905464A9DE37}"
EndProject
Project("{2150E333-8FDC-42A3-9474-1A3956D46DE8}") = "Verificator", "Verificator", "{8E5A0A93-5FE8-4ACE-90A5-C700450DC2D8}"
	ProjectSection(SolutionItems) = postProject
	EndProjectSection
EndProject
Project("{FAE04EC0-301F-11D3-BF4B-00C04F79EFBC}") = "Verificator", "Verificator\Verificator\Verificator.csproj", "{E2CDB95D-6CB1-4316-8398-EBD5A4C5C5B4}"
EndProject
Project("{FAE04EC0-301F-11D3-BF4B-00C04F79EFBC}") = "Verificator.Tests", "Verificator\Verificator.Tests\Verificator.Tests.csproj", "{AEB90E97-1AE5-450C-BCB8-8041127858AF}"
EndProject
Project("{2150E333-8FDC-42A3-9474-1A3956D46DE8}") = "Deploy", "Deploy", "{E228FECB-EE22-45B9-8118-A9AC712EDC0D}"
	ProjectSection(SolutionItems) = postProject
	EndProjectSection
EndProject
Project("{2150E333-8FDC-42A3-9474-1A3956D46DE8}") = "SwiPlCs", "SwiPlCs", "{C58B38EA-E0C3-4634-954F-85F9AA0A6D0C}"
	ProjectSection(SolutionItems) = postProject
	EndProjectSection
EndProject
Project("{FAE04EC0-301F-11D3-BF4B-00C04F79EFBC}") = "SwiPlCs", "Deploy\SwiPlCs\SwiPlCs.csproj", "{8C8EFC28-3E9E-47BD-A6ED-4C36EA71B138}"
EndProject
Project("{2150E333-8FDC-42A3-9474-1A3956D46DE8}") = "ApplicationFramework", "ApplicationFramework", "{1BB1D681-550E-4C8C-8E3D-523FC3940768}"
	ProjectSection(SolutionItems) = postProject
	EndProjectSection
EndProject
Project("{FAE04EC0-301F-11D3-BF4B-00C04F79EFBC}") = "ApplicationFramework", "ApplicationFramework\ApplicationFramework\ApplicationFramework.csproj", "{D29F492D-9E5A-4759-849C-8ADD0F13DA84}"
EndProject
Global
	GlobalSection(SolutionConfigurationPlatforms) = preSolution
		Debug|Any CPU = Debug|Any CPU
		Release|Any CPU = Release|Any CPU
		Debug|x86 = Debug|x86
		Release|x86 = Release|x86
	EndGlobalSection
	GlobalSection(ProjectConfigurationPlatforms) = postSolution
		{8C8EFC28-3E9E-47BD-A6ED-4C36EA71B138}.Debug|Any CPU.Build.0 = Debug|Any CPU
		{8C8EFC28-3E9E-47BD-A6ED-4C36EA71B138}.Debug|Any CPU.ActiveCfg = Debug|Any CPU
		{8C8EFC28-3E9E-47BD-A6ED-4C36EA71B138}.Debug|x86.Build.0 = Debug|Any CPU
		{8C8EFC28-3E9E-47BD-A6ED-4C36EA71B138}.Debug|x86.ActiveCfg = Debug|Any CPU
		{8C8EFC28-3E9E-47BD-A6ED-4C36EA71B138}.Release|Any CPU.Build.0 = Release|Any CPU
		{8C8EFC28-3E9E-47BD-A6ED-4C36EA71B138}.Release|Any CPU.ActiveCfg = Release|Any CPU
		{8C8EFC28-3E9E-47BD-A6ED-4C36EA71B138}.Release|x86.Build.0 = Release|Any CPU
		{8C8EFC28-3E9E-47BD-A6ED-4C36EA71B138}.Release|x86.ActiveCfg = Release|Any CPU
		{8C38059E-436D-468D-A131-040EF303CBF1}.Debug|Any CPU.Build.0 = Debug|x86
		{8C38059E-436D-468D-A131-040EF303CBF1}.Debug|Any CPU.ActiveCfg = Debug|x86
		{8C38059E-436D-468D-A131-040EF303CBF1}.Debug|x86.Build.0 = Debug|x86
		{8C38059E-436D-468D-A131-040EF303CBF1}.Debug|x86.ActiveCfg = Debug|x86
		{8C38059E-436D-468D-A131-040EF303CBF1}.Release|Any CPU.Build.0 = Release|x86
		{8C38059E-436D-468D-A131-040EF303CBF1}.Release|Any CPU.ActiveCfg = Release|x86
		{8C38059E-436D-468D-A131-040EF303CBF1}.Release|x86.Build.0 = Release|x86
		{8C38059E-436D-468D-A131-040EF303CBF1}.Release|x86.ActiveCfg = Release|x86
		{E40986A1-BA7E-41D1-87D1-F6C654E86EE9}.Debug|Any CPU.Build.0 = Debug|x86
		{E40986A1-BA7E-41D1-87D1-F6C654E86EE9}.Debug|Any CPU.ActiveCfg = Debug|x86
		{E40986A1-BA7E-41D1-87D1-F6C654E86EE9}.Debug|x86.Build.0 = Debug|x86
		{E40986A1-BA7E-41D1-87D1-F6C654E86EE9}.Debug|x86.ActiveCfg = Debug|x86
		{E40986A1-BA7E-41D1-87D1-F6C654E86EE9}.Release|Any CPU.Build.0 = Release|x86
		{E40986A1-BA7E-41D1-87D1-F6C654E86EE9}.Release|Any CPU.ActiveCfg = Release|x86
		{E40986A1-BA7E-41D1-87D1-F6C654E86EE9}.Release|x86.Build.0 = Release|x86
		{E40986A1-BA7E-41D1-87D1-F6C654E86EE9}.Release|x86.ActiveCfg = Release|x86
		{AED06680-760B-4499-A078-905464A9DE37}.Debug|Any CPU.Build.0 = Debug|x86
		{AED06680-760B-4499-A078-905464A9DE37}.Debug|Any CPU.ActiveCfg = Debug|x86
		{AED06680-760B-4499-A078-905464A9DE37}.Debug|x86.Build.0 = Debug|x86
		{AED06680-760B-4499-A078-905464A9DE37}.Debug|x86.ActiveCfg = Debug|x86
		{AED06680-760B-4499-A078-905464A9DE37}.Release|Any CPU.Build.0 = Release|x86
		{AED06680-760B-4499-A078-905464A9DE37}.Release|Any CPU.ActiveCfg = Release|x86
		{AED06680-760B-4499-A078-905464A9DE37}.Release|x86.Build.0 = Release|x86
		{AED06680-760B-4499-A078-905464A9DE37}.Release|x86.ActiveCfg = Release|x86
		{C269346A-177C-465E-98BC-D21FCC205AA1}.Debug|Any CPU.Build.0 = Debug|x86
		{C269346A-177C-465E-98BC-D21FCC205AA1}.Debug|Any CPU.ActiveCfg = Debug|x86
		{C269346A-177C-465E-98BC-D21FCC205AA1}.Debug|x86.Build.0 = Debug|x86
		{C269346A-177C-465E-98BC-D21FCC205AA1}.Debug|x86.ActiveCfg = Debug|x86
		{C269346A-177C-465E-98BC-D21FCC205AA1}.Release|Any CPU.Build.0 = Release|x86
		{C269346A-177C-465E-98BC-D21FCC205AA1}.Release|Any CPU.ActiveCfg = Release|x86
		{C269346A-177C-465E-98BC-D21FCC205AA1}.Release|x86.Build.0 = Release|x86
		{C269346A-177C-465E-98BC-D21FCC205AA1}.Release|x86.ActiveCfg = Release|x86
		{E2CDB95D-6CB1-4316-8398-EBD5A4C5C5B4}.Debug|Any CPU.Build.0 = Debug|x86
		{E2CDB95D-6CB1-4316-8398-EBD5A4C5C5B4}.Debug|Any CPU.ActiveCfg = Debug|x86
		{E2CDB95D-6CB1-4316-8398-EBD5A4C5C5B4}.Debug|x86.Build.0 = Debug|x86
		{E2CDB95D-6CB1-4316-8398-EBD5A4C5C5B4}.Debug|x86.ActiveCfg = Debug|x86
		{E2CDB95D-6CB1-4316-8398-EBD5A4C5C5B4}.Release|Any CPU.Build.0 = Release|x86
		{E2CDB95D-6CB1-4316-8398-EBD5A4C5C5B4}.Release|Any CPU.ActiveCfg = Release|x86
		{E2CDB95D-6CB1-4316-8398-EBD5A4C5C5B4}.Release|x86.Build.0 = Release|x86
		{E2CDB95D-6CB1-4316-8398-EBD5A4C5C5B4}.Release|x86.ActiveCfg = Release|x86
		{AEB90E97-1AE5-450C-BCB8-8041127858AF}.Debug|Any CPU.Build.0 = Debug|x86
		{AEB90E97-1AE5-450C-BCB8-8041127858AF}.Debug|Any CPU.ActiveCfg = Debug|x86
		{AEB90E97-1AE5-450C-BCB8-8041127858AF}.Debug|x86.Build.0 = Debug|x86
		{AEB90E97-1AE5-450C-BCB8-8041127858AF}.Debug|x86.ActiveCfg = Debug|x86
		{AEB90E97-1AE5-450C-BCB8-8041127858AF}.Release|Any CPU.Build.0 = Release|x86
		{AEB90E97-1AE5-450C-BCB8-8041127858AF}.Release|Any CPU.ActiveCfg = Release|x86
		{AEB90E97-1AE5-450C-BCB8-8041127858AF}.Release|x86.Build.0 = Release|x86
		{AEB90E97-1AE5-450C-BCB8-8041127858AF}.Release|x86.ActiveCfg = Release|x86
		{28483E02-4EEE-4E3A-BE97-C4D9703143AA}.Debug|Any CPU.Build.0 = Debug|x86
		{28483E02-4EEE-4E3A-BE97-C4D9703143AA}.Debug|Any CPU.ActiveCfg = Debug|x86
		{28483E02-4EEE-4E3A-BE97-C4D9703143AA}.Debug|x86.Build.0 = Debug|x86
		{28483E02-4EEE-4E3A-BE97-C4D9703143AA}.Debug|x86.ActiveCfg = Debug|x86
		{28483E02-4EEE-4E3A-BE97-C4D9703143AA}.Release|Any CPU.Build.0 = Release|x86
		{28483E02-4EEE-4E3A-BE97-C4D9703143AA}.Release|Any CPU.ActiveCfg = Release|x86
		{28483E02-4EEE-4E3A-BE97-C4D9703143AA}.Release|x86.Build.0 = Release|x86
		{28483E02-4EEE-4E3A-BE97-C4D9703143AA}.Release|x86.ActiveCfg = Release|x86
		{26117E7C-ECFF-4F12-B759-413B82FDA121}.Debug|Any CPU.Build.0 = Debug|x86
		{26117E7C-ECFF-4F12-B759-413B82FDA121}.Debug|Any CPU.ActiveCfg = Debug|x86
		{26117E7C-ECFF-4F12-B759-413B82FDA121}.Debug|x86.Build.0 = Debug|x86
		{26117E7C-ECFF-4F12-B759-413B82FDA121}.Debug|x86.ActiveCfg = Debug|x86
		{26117E7C-ECFF-4F12-B759-413B82FDA121}.Release|Any CPU.Build.0 = Release|x86
		{26117E7C-ECFF-4F12-B759-413B82FDA121}.Release|Any CPU.ActiveCfg = Release|x86
		{26117E7C-ECFF-4F12-B759-413B82FDA121}.Release|x86.Build.0 = Release|x86
		{26117E7C-ECFF-4F12-B759-413B82FDA121}.Release|x86.ActiveCfg = Release|x86
		{D29F492D-9E5A-4759-849C-8ADD0F13DA84}.Debug|Any CPU.Build.0 = Debug|x86
		{D29F492D-9E5A-4759-849C-8ADD0F13DA84}.Debug|Any CPU.ActiveCfg = Debug|x86
		{D29F492D-9E5A-4759-849C-8ADD0F13DA84}.Debug|x86.Build.0 = Debug|x86
		{D29F492D-9E5A-4759-849C-8ADD0F13DA84}.Debug|x86.ActiveCfg = Debug|x86
		{D29F492D-9E5A-4759-849C-8ADD0F13DA84}.Release|Any CPU.Build.0 = Release|x86
		{D29F492D-9E5A-4759-849C-8ADD0F13DA84}.Release|Any CPU.ActiveCfg = Release|x86
		{D29F492D-9E5A-4759-849C-8ADD0F13DA84}.Release|x86.Build.0 = Release|x86
		{D29F492D-9E5A-4759-849C-8ADD0F13DA84}.Release|x86.ActiveCfg = Release|x86
	EndGlobalSection
	GlobalSection(NestedProjects) = preSolution
		{E40986A1-BA7E-41D1-87D1-F6C654E86EE9} = {1026F6CC-BCBC-4FAE-AEDF-AEE523087320}
		{8C38059E-436D-468D-A131-040EF303CBF1} = {1026F6CC-BCBC-4FAE-AEDF-AEE523087320}
		{26117E7C-ECFF-4F12-B759-413B82FDA121} = {17F42716-9D7E-48EF-A28D-B992BB095EF5}
		{28483E02-4EEE-4E3A-BE97-C4D9703143AA} = {17F42716-9D7E-48EF-A28D-B992BB095EF5}
		{AED06680-760B-4499-A078-905464A9DE37} = {8BBDBFF9-E00C-44D7-A5D5-98081CBEB8D4}
		{C269346A-177C-465E-98BC-D21FCC205AA1} = {8BBDBFF9-E00C-44D7-A5D5-98081CBEB8D4}
		{AEB90E97-1AE5-450C-BCB8-8041127858AF} = {8E5A0A93-5FE8-4ACE-90A5-C700450DC2D8}
		{E2CDB95D-6CB1-4316-8398-EBD5A4C5C5B4} = {8E5A0A93-5FE8-4ACE-90A5-C700450DC2D8}
		{C58B38EA-E0C3-4634-954F-85F9AA0A6D0C} = {E228FECB-EE22-45B9-8118-A9AC712EDC0D}
		{8C8EFC28-3E9E-47BD-A6ED-4C36EA71B138} = {C58B38EA-E0C3-4634-954F-85F9AA0A6D0C}
		{D29F492D-9E5A-4759-849C-8ADD0F13DA84} = {1BB1D681-550E-4C8C-8E3D-523FC3940768}
	EndGlobalSection
EndGlobal
